
Microsoft Visual Studio Solution File, Format Version 12.00
# Visual Studio Version 17
VisualStudioVersion = 17.6.33815.320
MinimumVisualStudioVersion = 10.0.40219.1
Project("{FAE04EC0-301F-11D3-BF4B-00C04F79EFBC}") = "BTL_QLNV", "BTL_QLNV\BTL_QLNV.csproj", "{EC02A404-E6EE-4B31-8CA4-6B4FD1185F4D}"
EndProject
Global
	GlobalSection(SolutionConfigurationPlatforms) = preSolution
		Debug|Any CPU = Debug|Any CPU
		Release|Any CPU = Release|Any CPU
	EndGlobalSection
	GlobalSection(ProjectConfigurationPlatforms) = postSolution
		{EC02A404-E6EE-4B31-8CA4-6B4FD1185F4D}.Debug|Any CPU.ActiveCfg = Debug|Any CPU
		{EC02A404-E6EE-4B31-8CA4-6B4FD1185F4D}.Debug|Any CPU.Build.0 = Debug|Any CPU
		{EC02A404-E6EE-4B31-8CA4-6B4FD1185F4D}.Release|Any CPU.ActiveCfg = Release|Any CPU
		{EC02A404-E6EE-4B31-8CA4-6B4FD1185F4D}.Release|Any CPU.Build.0 = Release|Any CPU
	EndGlobalSection
	GlobalSection(SolutionProperties) = preSolution
		HideSolutionNode = FALSE
	EndGlobalSection
	GlobalSection(ExtensibilityGlobals) = postSolution
		SolutionGuid = {6D8E6237-1FF9-42C3-A559-3D100AB22684}
	EndGlobalSection
EndGlobal
